// !$*UTF8*$!
{
	archiveVersion = 1;
	classes = {
	};
	objectVersion = 56;
	objects = {

/* Begin PBXBuildFile section */
		465ADCA32BEF806E00D621EA /* DCCharacterImageView.swift in Sources */ = {isa = PBXBuildFile; fileRef = 465ADCA22BEF806E00D621EA /* DCCharacterImageView.swift */; };
		4664DCE82BE5FA99006EA71B /* DCDashboardViewModel.swift in Sources */ = {isa = PBXBuildFile; fileRef = 4664DCE72BE5FA99006EA71B /* DCDashboardViewModel.swift */; };
		4664DCEA2BE5FAB4006EA71B /* DCDashboardTests.swift in Sources */ = {isa = PBXBuildFile; fileRef = 4664DCE92BE5FAB4006EA71B /* DCDashboardTests.swift */; };
		4664DCED2BE60DBE006EA71B /* DCCharacterModel.swift in Sources */ = {isa = PBXBuildFile; fileRef = 4664DCEC2BE60DBE006EA71B /* DCCharacterModel.swift */; };
		4664DD0C2BE765D1006EA71B /* DCJSONParameterEncoder.swift in Sources */ = {isa = PBXBuildFile; fileRef = 4664DCEE2BE765D1006EA71B /* DCJSONParameterEncoder.swift */; };
		4664DD0D2BE765D1006EA71B /* DCParameterEncoding.swift in Sources */ = {isa = PBXBuildFile; fileRef = 4664DCEF2BE765D1006EA71B /* DCParameterEncoding.swift */; };
		4664DD0E2BE765D1006EA71B /* DCURLParameterEncoder.swift in Sources */ = {isa = PBXBuildFile; fileRef = 4664DCF02BE765D1006EA71B /* DCURLParameterEncoder.swift */; };
		4664DD0F2BE765D1006EA71B /* DCAPIFetcher.swift in Sources */ = {isa = PBXBuildFile; fileRef = 4664DCF22BE765D1006EA71B /* DCAPIFetcher.swift */; };
		4664DD102BE765D1006EA71B /* DCAPIMode.swift in Sources */ = {isa = PBXBuildFile; fileRef = 4664DCF32BE765D1006EA71B /* DCAPIMode.swift */; };
		4664DD112BE765D1006EA71B /* DCFetcher.swift in Sources */ = {isa = PBXBuildFile; fileRef = 4664DCF42BE765D1006EA71B /* DCFetcher.swift */; };
		4664DD122BE765D1006EA71B /* DCNetworkConstants.swift in Sources */ = {isa = PBXBuildFile; fileRef = 4664DCF62BE765D1006EA71B /* DCNetworkConstants.swift */; };
		4664DD132BE765D1006EA71B /* DCNetworkError.swift in Sources */ = {isa = PBXBuildFile; fileRef = 4664DCF72BE765D1006EA71B /* DCNetworkError.swift */; };
		4664DD142BE765D1006EA71B /* DCNetworkResponse.swift in Sources */ = {isa = PBXBuildFile; fileRef = 4664DCF82BE765D1006EA71B /* DCNetworkResponse.swift */; };
		4664DD152BE765D1006EA71B /* DCResult.swift in Sources */ = {isa = PBXBuildFile; fileRef = 4664DCF92BE765D1006EA71B /* DCResult.swift */; };
		4664DD162BE765D1006EA71B /* DCNetworkManager.swift in Sources */ = {isa = PBXBuildFile; fileRef = 4664DCFB2BE765D1006EA71B /* DCNetworkManager.swift */; };
		4664DD172BE765D1006EA71B /* DCOfflineManager.swift in Sources */ = {isa = PBXBuildFile; fileRef = 4664DCFC2BE765D1006EA71B /* DCOfflineManager.swift */; };
		4664DD192BE765D1006EA71B /* DCHTTPMethod.swift in Sources */ = {isa = PBXBuildFile; fileRef = 4664DD002BE765D1006EA71B /* DCHTTPMethod.swift */; };
		4664DD1A2BE765D1006EA71B /* DCHTTPTask.swift in Sources */ = {isa = PBXBuildFile; fileRef = 4664DD012BE765D1006EA71B /* DCHTTPTask.swift */; };
		4664DD1B2BE765D1006EA71B /* DCNetworkLogger.swift in Sources */ = {isa = PBXBuildFile; fileRef = 4664DD022BE765D1006EA71B /* DCNetworkLogger.swift */; };
		4664DD1C2BE765D1006EA71B /* DCRequestExecutor.swift in Sources */ = {isa = PBXBuildFile; fileRef = 4664DD032BE765D1006EA71B /* DCRequestExecutor.swift */; };
		4664DD1D2BE765D1006EA71B /* DCRequestType.swift in Sources */ = {isa = PBXBuildFile; fileRef = 4664DD042BE765D1006EA71B /* DCRequestType.swift */; };
		4664DD1E2BE765D1006EA71B /* DCRouter.swift in Sources */ = {isa = PBXBuildFile; fileRef = 4664DD052BE765D1006EA71B /* DCRouter.swift */; };
		4664DD1F2BE765D1006EA71B /* DCRequestConfiguration.swift in Sources */ = {isa = PBXBuildFile; fileRef = 4664DD072BE765D1006EA71B /* DCRequestConfiguration.swift */; };
		4664DD202BE765D1006EA71B /* DCRequests.swift in Sources */ = {isa = PBXBuildFile; fileRef = 4664DD082BE765D1006EA71B /* DCRequests.swift */; };
		4664DD212BE765D1006EA71B /* DCURL.swift in Sources */ = {isa = PBXBuildFile; fileRef = 4664DD092BE765D1006EA71B /* DCURL.swift */; };
		4664DD232BE76807006EA71B /* DCNetworkLayerTests.swift in Sources */ = {isa = PBXBuildFile; fileRef = 4664DD222BE76807006EA71B /* DCNetworkLayerTests.swift */; };
		466D5F502C17F035007E3DD0 /* DCLocalStorageTests.swift in Sources */ = {isa = PBXBuildFile; fileRef = 466D5F4F2C17F035007E3DD0 /* DCLocalStorageTests.swift */; };
		469D18DD2BEDF2BE002A98D2 /* DCURLPath.swift in Sources */ = {isa = PBXBuildFile; fileRef = 469D18DC2BEDF2BE002A98D2 /* DCURLPath.swift */; };
		469D18E12BEDFDA5002A98D2 /* DCCharacterAPIDataModel.swift in Sources */ = {isa = PBXBuildFile; fileRef = 469D18E02BEDFDA5002A98D2 /* DCCharacterAPIDataModel.swift */; };
		469D18E52BEDFF9B002A98D2 /* DCFetcherView.swift in Sources */ = {isa = PBXBuildFile; fileRef = 469D18E42BEDFF9B002A98D2 /* DCFetcherView.swift */; };
		469D18E82BEE01F4002A98D2 /* DCCharacterView.swift in Sources */ = {isa = PBXBuildFile; fileRef = 469D18E72BEE01F4002A98D2 /* DCCharacterView.swift */; };
		469D18EB2BEE07A2002A98D2 /* DCCharacterDisplayModel.swift in Sources */ = {isa = PBXBuildFile; fileRef = 469D18EA2BEE07A2002A98D2 /* DCCharacterDisplayModel.swift */; };
		469D19282BEF7729002A98D2 /* DCUDConstants.swift in Sources */ = {isa = PBXBuildFile; fileRef = 469D19272BEF7729002A98D2 /* DCUDConstants.swift */; };
		46A9DDD32BE5500900FC66EB /* Disney_CharactersApp.swift in Sources */ = {isa = PBXBuildFile; fileRef = 46A9DDD22BE5500900FC66EB /* Disney_CharactersApp.swift */; };
		46A9DDD72BE5500A00FC66EB /* Assets.xcassets in Resources */ = {isa = PBXBuildFile; fileRef = 46A9DDD62BE5500A00FC66EB /* Assets.xcassets */; };
		46A9DDDA2BE5500A00FC66EB /* Preview Assets.xcassets in Resources */ = {isa = PBXBuildFile; fileRef = 46A9DDD92BE5500A00FC66EB /* Preview Assets.xcassets */; };
		46A9DDEE2BE5500A00FC66EB /* Disney_CharactersUITests.swift in Sources */ = {isa = PBXBuildFile; fileRef = 46A9DDED2BE5500A00FC66EB /* Disney_CharactersUITests.swift */; };
		46A9DDF02BE5500A00FC66EB /* Disney_CharactersUITestsLaunchTests.swift in Sources */ = {isa = PBXBuildFile; fileRef = 46A9DDEF2BE5500A00FC66EB /* Disney_CharactersUITestsLaunchTests.swift */; };
		46A9DDFF2BE5520B00FC66EB /* DCDashboardView.swift in Sources */ = {isa = PBXBuildFile; fileRef = 46A9DDFE2BE5520B00FC66EB /* DCDashboardView.swift */; };
		46B5ECB62C187801004D73F9 /* DCDashboardCharacterDetailsView.swift in Sources */ = {isa = PBXBuildFile; fileRef = 46B5ECB52C187801004D73F9 /* DCDashboardCharacterDetailsView.swift */; };
/* End PBXBuildFile section */

/* Begin PBXContainerItemProxy section */
		46A9DDE02BE5500A00FC66EB /* PBXContainerItemProxy */ = {
			isa = PBXContainerItemProxy;
			containerPortal = 46A9DDC72BE5500900FC66EB /* Project object */;
			proxyType = 1;
			remoteGlobalIDString = 46A9DDCE2BE5500900FC66EB;
			remoteInfo = "Disney Characters";
		};
		46A9DDEA2BE5500A00FC66EB /* PBXContainerItemProxy */ = {
			isa = PBXContainerItemProxy;
			containerPortal = 46A9DDC72BE5500900FC66EB /* Project object */;
			proxyType = 1;
			remoteGlobalIDString = 46A9DDCE2BE5500900FC66EB;
			remoteInfo = "Disney Characters";
		};
/* End PBXContainerItemProxy section */

/* Begin PBXFileReference section */
		465ADCA22BEF806E00D621EA /* DCCharacterImageView.swift */ = {isa = PBXFileReference; lastKnownFileType = sourcecode.swift; path = DCCharacterImageView.swift; sourceTree = "<group>"; };
		4664DCE72BE5FA99006EA71B /* DCDashboardViewModel.swift */ = {isa = PBXFileReference; lastKnownFileType = sourcecode.swift; path = DCDashboardViewModel.swift; sourceTree = "<group>"; };
		4664DCE92BE5FAB4006EA71B /* DCDashboardTests.swift */ = {isa = PBXFileReference; lastKnownFileType = sourcecode.swift; path = DCDashboardTests.swift; sourceTree = "<group>"; };
		4664DCEC2BE60DBE006EA71B /* DCCharacterModel.swift */ = {isa = PBXFileReference; lastKnownFileType = sourcecode.swift; path = DCCharacterModel.swift; sourceTree = "<group>"; };
		4664DCEE2BE765D1006EA71B /* DCJSONParameterEncoder.swift */ = {isa = PBXFileReference; fileEncoding = 4; lastKnownFileType = sourcecode.swift; path = DCJSONParameterEncoder.swift; sourceTree = "<group>"; };
		4664DCEF2BE765D1006EA71B /* DCParameterEncoding.swift */ = {isa = PBXFileReference; fileEncoding = 4; lastKnownFileType = sourcecode.swift; path = DCParameterEncoding.swift; sourceTree = "<group>"; };
		4664DCF02BE765D1006EA71B /* DCURLParameterEncoder.swift */ = {isa = PBXFileReference; fileEncoding = 4; lastKnownFileType = sourcecode.swift; path = DCURLParameterEncoder.swift; sourceTree = "<group>"; };
		4664DCF22BE765D1006EA71B /* DCAPIFetcher.swift */ = {isa = PBXFileReference; fileEncoding = 4; lastKnownFileType = sourcecode.swift; path = DCAPIFetcher.swift; sourceTree = "<group>"; };
		4664DCF32BE765D1006EA71B /* DCAPIMode.swift */ = {isa = PBXFileReference; fileEncoding = 4; lastKnownFileType = sourcecode.swift; path = DCAPIMode.swift; sourceTree = "<group>"; };
		4664DCF42BE765D1006EA71B /* DCFetcher.swift */ = {isa = PBXFileReference; fileEncoding = 4; lastKnownFileType = sourcecode.swift; path = DCFetcher.swift; sourceTree = "<group>"; };
		4664DCF62BE765D1006EA71B /* DCNetworkConstants.swift */ = {isa = PBXFileReference; fileEncoding = 4; lastKnownFileType = sourcecode.swift; path = DCNetworkConstants.swift; sourceTree = "<group>"; };
		4664DCF72BE765D1006EA71B /* DCNetworkError.swift */ = {isa = PBXFileReference; fileEncoding = 4; lastKnownFileType = sourcecode.swift; path = DCNetworkError.swift; sourceTree = "<group>"; };
		4664DCF82BE765D1006EA71B /* DCNetworkResponse.swift */ = {isa = PBXFileReference; fileEncoding = 4; lastKnownFileType = sourcecode.swift; path = DCNetworkResponse.swift; sourceTree = "<group>"; };
		4664DCF92BE765D1006EA71B /* DCResult.swift */ = {isa = PBXFileReference; fileEncoding = 4; lastKnownFileType = sourcecode.swift; path = DCResult.swift; sourceTree = "<group>"; };
		4664DCFB2BE765D1006EA71B /* DCNetworkManager.swift */ = {isa = PBXFileReference; fileEncoding = 4; lastKnownFileType = sourcecode.swift; path = DCNetworkManager.swift; sourceTree = "<group>"; };
		4664DCFC2BE765D1006EA71B /* DCOfflineManager.swift */ = {isa = PBXFileReference; fileEncoding = 4; lastKnownFileType = sourcecode.swift; path = DCOfflineManager.swift; sourceTree = "<group>"; };
		4664DD002BE765D1006EA71B /* DCHTTPMethod.swift */ = {isa = PBXFileReference; fileEncoding = 4; lastKnownFileType = sourcecode.swift; path = DCHTTPMethod.swift; sourceTree = "<group>"; };
		4664DD012BE765D1006EA71B /* DCHTTPTask.swift */ = {isa = PBXFileReference; fileEncoding = 4; lastKnownFileType = sourcecode.swift; path = DCHTTPTask.swift; sourceTree = "<group>"; };
		4664DD022BE765D1006EA71B /* DCNetworkLogger.swift */ = {isa = PBXFileReference; fileEncoding = 4; lastKnownFileType = sourcecode.swift; path = DCNetworkLogger.swift; sourceTree = "<group>"; };
		4664DD032BE765D1006EA71B /* DCRequestExecutor.swift */ = {isa = PBXFileReference; fileEncoding = 4; lastKnownFileType = sourcecode.swift; path = DCRequestExecutor.swift; sourceTree = "<group>"; };
		4664DD042BE765D1006EA71B /* DCRequestType.swift */ = {isa = PBXFileReference; fileEncoding = 4; lastKnownFileType = sourcecode.swift; path = DCRequestType.swift; sourceTree = "<group>"; };
		4664DD052BE765D1006EA71B /* DCRouter.swift */ = {isa = PBXFileReference; fileEncoding = 4; lastKnownFileType = sourcecode.swift; path = DCRouter.swift; sourceTree = "<group>"; };
		4664DD072BE765D1006EA71B /* DCRequestConfiguration.swift */ = {isa = PBXFileReference; fileEncoding = 4; lastKnownFileType = sourcecode.swift; path = DCRequestConfiguration.swift; sourceTree = "<group>"; };
		4664DD082BE765D1006EA71B /* DCRequests.swift */ = {isa = PBXFileReference; fileEncoding = 4; lastKnownFileType = sourcecode.swift; path = DCRequests.swift; sourceTree = "<group>"; };
		4664DD092BE765D1006EA71B /* DCURL.swift */ = {isa = PBXFileReference; fileEncoding = 4; lastKnownFileType = sourcecode.swift; path = DCURL.swift; sourceTree = "<group>"; };
		4664DD222BE76807006EA71B /* DCNetworkLayerTests.swift */ = {isa = PBXFileReference; lastKnownFileType = sourcecode.swift; path = DCNetworkLayerTests.swift; sourceTree = "<group>"; };
		466D5F4F2C17F035007E3DD0 /* DCLocalStorageTests.swift */ = {isa = PBXFileReference; lastKnownFileType = sourcecode.swift; path = DCLocalStorageTests.swift; sourceTree = "<group>"; };
		469D18DC2BEDF2BE002A98D2 /* DCURLPath.swift */ = {isa = PBXFileReference; lastKnownFileType = sourcecode.swift; path = DCURLPath.swift; sourceTree = "<group>"; };
		469D18DE2BEDF930002A98D2 /* Disney-Characters-Info.plist */ = {isa = PBXFileReference; lastKnownFileType = text.plist; path = "Disney-Characters-Info.plist"; sourceTree = SOURCE_ROOT; };
		469D18E02BEDFDA5002A98D2 /* DCCharacterAPIDataModel.swift */ = {isa = PBXFileReference; lastKnownFileType = sourcecode.swift; path = DCCharacterAPIDataModel.swift; sourceTree = "<group>"; };
		469D18E42BEDFF9B002A98D2 /* DCFetcherView.swift */ = {isa = PBXFileReference; lastKnownFileType = sourcecode.swift; path = DCFetcherView.swift; sourceTree = "<group>"; };
		469D18E72BEE01F4002A98D2 /* DCCharacterView.swift */ = {isa = PBXFileReference; lastKnownFileType = sourcecode.swift; path = DCCharacterView.swift; sourceTree = "<group>"; };
		469D18EA2BEE07A2002A98D2 /* DCCharacterDisplayModel.swift */ = {isa = PBXFileReference; lastKnownFileType = sourcecode.swift; path = DCCharacterDisplayModel.swift; sourceTree = "<group>"; };
		469D19272BEF7729002A98D2 /* DCUDConstants.swift */ = {isa = PBXFileReference; lastKnownFileType = sourcecode.swift; path = DCUDConstants.swift; sourceTree = "<group>"; };
		46A9DDCF2BE5500900FC66EB /* Disney Characters.app */ = {isa = PBXFileReference; explicitFileType = wrapper.application; includeInIndex = 0; path = "Disney Characters.app"; sourceTree = BUILT_PRODUCTS_DIR; };
		46A9DDD22BE5500900FC66EB /* Disney_CharactersApp.swift */ = {isa = PBXFileReference; lastKnownFileType = sourcecode.swift; path = Disney_CharactersApp.swift; sourceTree = "<group>"; };
		46A9DDD62BE5500A00FC66EB /* Assets.xcassets */ = {isa = PBXFileReference; lastKnownFileType = folder.assetcatalog; path = Assets.xcassets; sourceTree = "<group>"; };
		46A9DDD92BE5500A00FC66EB /* Preview Assets.xcassets */ = {isa = PBXFileReference; lastKnownFileType = folder.assetcatalog; path = "Preview Assets.xcassets"; sourceTree = "<group>"; };
		46A9DDDF2BE5500A00FC66EB /* Disney CharactersTests.xctest */ = {isa = PBXFileReference; explicitFileType = wrapper.cfbundle; includeInIndex = 0; path = "Disney CharactersTests.xctest"; sourceTree = BUILT_PRODUCTS_DIR; };
		46A9DDE92BE5500A00FC66EB /* Disney CharactersUITests.xctest */ = {isa = PBXFileReference; explicitFileType = wrapper.cfbundle; includeInIndex = 0; path = "Disney CharactersUITests.xctest"; sourceTree = BUILT_PRODUCTS_DIR; };
		46A9DDED2BE5500A00FC66EB /* Disney_CharactersUITests.swift */ = {isa = PBXFileReference; lastKnownFileType = sourcecode.swift; path = Disney_CharactersUITests.swift; sourceTree = "<group>"; };
		46A9DDEF2BE5500A00FC66EB /* Disney_CharactersUITestsLaunchTests.swift */ = {isa = PBXFileReference; lastKnownFileType = sourcecode.swift; path = Disney_CharactersUITestsLaunchTests.swift; sourceTree = "<group>"; };
		46A9DDFE2BE5520B00FC66EB /* DCDashboardView.swift */ = {isa = PBXFileReference; lastKnownFileType = sourcecode.swift; path = DCDashboardView.swift; sourceTree = "<group>"; };
		46B5ECB52C187801004D73F9 /* DCDashboardCharacterDetailsView.swift */ = {isa = PBXFileReference; lastKnownFileType = sourcecode.swift; path = DCDashboardCharacterDetailsView.swift; sourceTree = "<group>"; };
/* End PBXFileReference section */

/* Begin PBXFrameworksBuildPhase section */
		46A9DDCC2BE5500900FC66EB /* Frameworks */ = {
			isa = PBXFrameworksBuildPhase;
			buildActionMask = 2147483647;
			files = (
			);
			runOnlyForDeploymentPostprocessing = 0;
		};
		46A9DDDC2BE5500A00FC66EB /* Frameworks */ = {
			isa = PBXFrameworksBuildPhase;
			buildActionMask = 2147483647;
			files = (
			);
			runOnlyForDeploymentPostprocessing = 0;
		};
		46A9DDE62BE5500A00FC66EB /* Frameworks */ = {
			isa = PBXFrameworksBuildPhase;
			buildActionMask = 2147483647;
			files = (
			);
			runOnlyForDeploymentPostprocessing = 0;
		};
/* End PBXFrameworksBuildPhase section */

/* Begin PBXGroup section */
		465ADCA12BEF806700D621EA /* ImageView */ = {
			isa = PBXGroup;
			children = (
				465ADCA22BEF806E00D621EA /* DCCharacterImageView.swift */,
			);
			path = ImageView;
			sourceTree = "<group>";
		};
		4664DCE52BE5F721006EA71B /* SystemFiles */ = {
			isa = PBXGroup;
			children = (
				46A9DDD22BE5500900FC66EB /* Disney_CharactersApp.swift */,
			);
			path = SystemFiles;
			sourceTree = "<group>";
		};
		4664DCE62BE5FA90006EA71B /* ViewModel */ = {
			isa = PBXGroup;
			children = (
				4664DCE72BE5FA99006EA71B /* DCDashboardViewModel.swift */,
			);
			path = ViewModel;
			sourceTree = "<group>";
		};
		4664DCEB2BE60DB7006EA71B /* Model */ = {
			isa = PBXGroup;
			children = (
				469D18E92BEE0792002A98D2 /* DisplayModel */,
				469D18DF2BEDFD9D002A98D2 /* APIModel */,
				4664DCEC2BE60DBE006EA71B /* DCCharacterModel.swift */,
			);
			path = Model;
			sourceTree = "<group>";
		};
		4664DCF12BE765D1006EA71B /* Encoding */ = {
			isa = PBXGroup;
			children = (
				4664DCEE2BE765D1006EA71B /* DCJSONParameterEncoder.swift */,
				4664DCEF2BE765D1006EA71B /* DCParameterEncoding.swift */,
				4664DCF02BE765D1006EA71B /* DCURLParameterEncoder.swift */,
			);
			path = Encoding;
			sourceTree = "<group>";
		};
		4664DCF52BE765D1006EA71B /* Fetchers */ = {
			isa = PBXGroup;
			children = (
				4664DCF22BE765D1006EA71B /* DCAPIFetcher.swift */,
				4664DCF32BE765D1006EA71B /* DCAPIMode.swift */,
				4664DCF42BE765D1006EA71B /* DCFetcher.swift */,
			);
			path = Fetchers;
			sourceTree = "<group>";
		};
		4664DCFA2BE765D1006EA71B /* Helper */ = {
			isa = PBXGroup;
			children = (
				4664DCF62BE765D1006EA71B /* DCNetworkConstants.swift */,
				4664DCF72BE765D1006EA71B /* DCNetworkError.swift */,
				4664DCF82BE765D1006EA71B /* DCNetworkResponse.swift */,
				4664DCF92BE765D1006EA71B /* DCResult.swift */,
			);
			path = Helper;
			sourceTree = "<group>";
		};
		4664DCFD2BE765D1006EA71B /* Managers */ = {
			isa = PBXGroup;
			children = (
				4664DCFB2BE765D1006EA71B /* DCNetworkManager.swift */,
				4664DCFC2BE765D1006EA71B /* DCOfflineManager.swift */,
			);
			path = Managers;
			sourceTree = "<group>";
		};
		4664DD062BE765D1006EA71B /* Service */ = {
			isa = PBXGroup;
			children = (
				4664DD002BE765D1006EA71B /* DCHTTPMethod.swift */,
				4664DD012BE765D1006EA71B /* DCHTTPTask.swift */,
				4664DD022BE765D1006EA71B /* DCNetworkLogger.swift */,
				4664DD032BE765D1006EA71B /* DCRequestExecutor.swift */,
				4664DD042BE765D1006EA71B /* DCRequestType.swift */,
				4664DD052BE765D1006EA71B /* DCRouter.swift */,
			);
			path = Service;
			sourceTree = "<group>";
		};
		4664DD0A2BE765D1006EA71B /* Urls */ = {
			isa = PBXGroup;
			children = (
				4664DD072BE765D1006EA71B /* DCRequestConfiguration.swift */,
				4664DD082BE765D1006EA71B /* DCRequests.swift */,
				4664DD092BE765D1006EA71B /* DCURL.swift */,
				469D18DC2BEDF2BE002A98D2 /* DCURLPath.swift */,
			);
			path = Urls;
			sourceTree = "<group>";
		};
		4664DD0B2BE765D1006EA71B /* NetworkLayer */ = {
			isa = PBXGroup;
			children = (
				4664DCF12BE765D1006EA71B /* Encoding */,
				4664DCF52BE765D1006EA71B /* Fetchers */,
				4664DCFA2BE765D1006EA71B /* Helper */,
				4664DCFD2BE765D1006EA71B /* Managers */,
				4664DD062BE765D1006EA71B /* Service */,
				4664DD0A2BE765D1006EA71B /* Urls */,
			);
			path = NetworkLayer;
			sourceTree = "<group>";
		};
		469D18DF2BEDFD9D002A98D2 /* APIModel */ = {
			isa = PBXGroup;
			children = (
				469D18E02BEDFDA5002A98D2 /* DCCharacterAPIDataModel.swift */,
			);
			path = APIModel;
			sourceTree = "<group>";
		};
		469D18E22BEDFF82002A98D2 /* Utility */ = {
			isa = PBXGroup;
			children = (
				469D19252BEF7713002A98D2 /* UserDefaults */,
				469D18E32BEDFF8C002A98D2 /* Views */,
			);
			path = Utility;
			sourceTree = "<group>";
		};
		469D18E32BEDFF8C002A98D2 /* Views */ = {
			isa = PBXGroup;
			children = (
				469D18E42BEDFF9B002A98D2 /* DCFetcherView.swift */,
			);
			path = Views;
			sourceTree = "<group>";
		};
		469D18E62BEE01EB002A98D2 /* CharacterView */ = {
			isa = PBXGroup;
			children = (
				469D18E72BEE01F4002A98D2 /* DCCharacterView.swift */,
			);
			path = CharacterView;
			sourceTree = "<group>";
		};
		469D18E92BEE0792002A98D2 /* DisplayModel */ = {
			isa = PBXGroup;
			children = (
				469D18EA2BEE07A2002A98D2 /* DCCharacterDisplayModel.swift */,
			);
			path = DisplayModel;
			sourceTree = "<group>";
		};
		469D19252BEF7713002A98D2 /* UserDefaults */ = {
			isa = PBXGroup;
			children = (
				469D19262BEF7718002A98D2 /* Constants */,
			);
			path = UserDefaults;
			sourceTree = "<group>";
		};
		469D19262BEF7718002A98D2 /* Constants */ = {
			isa = PBXGroup;
			children = (
				469D19272BEF7729002A98D2 /* DCUDConstants.swift */,
			);
			path = Constants;
			sourceTree = "<group>";
		};
		46A9DDC62BE5500900FC66EB = {
			isa = PBXGroup;
			children = (
				46A9DDD12BE5500900FC66EB /* Disney Characters */,
				46A9DDE22BE5500A00FC66EB /* Disney CharactersTests */,
				46A9DDEC2BE5500A00FC66EB /* Disney CharactersUITests */,
				46A9DDD02BE5500900FC66EB /* Products */,
			);
			sourceTree = "<group>";
		};
		46A9DDD02BE5500900FC66EB /* Products */ = {
			isa = PBXGroup;
			children = (
				46A9DDCF2BE5500900FC66EB /* Disney Characters.app */,
				46A9DDDF2BE5500A00FC66EB /* Disney CharactersTests.xctest */,
				46A9DDE92BE5500A00FC66EB /* Disney CharactersUITests.xctest */,
			);
			name = Products;
			sourceTree = "<group>";
		};
		46A9DDD12BE5500900FC66EB /* Disney Characters */ = {
			isa = PBXGroup;
			children = (
				469D18E22BEDFF82002A98D2 /* Utility */,
				46A9DDFC2BE551FC00FC66EB /* Dashboard */,
				4664DD0B2BE765D1006EA71B /* NetworkLayer */,
				4664DCE52BE5F721006EA71B /* SystemFiles */,
				46A9DDD82BE5500A00FC66EB /* Preview Content */,
				46A9DDD62BE5500A00FC66EB /* Assets.xcassets */,
				469D18DE2BEDF930002A98D2 /* Disney-Characters-Info.plist */,
			);
			path = "Disney Characters";
			sourceTree = "<group>";
		};
		46A9DDD82BE5500A00FC66EB /* Preview Content */ = {
			isa = PBXGroup;
			children = (
				46A9DDD92BE5500A00FC66EB /* Preview Assets.xcassets */,
			);
			path = "Preview Content";
			sourceTree = "<group>";
		};
		46A9DDE22BE5500A00FC66EB /* Disney CharactersTests */ = {
			isa = PBXGroup;
			children = (
				4664DCE92BE5FAB4006EA71B /* DCDashboardTests.swift */,
				4664DD222BE76807006EA71B /* DCNetworkLayerTests.swift */,
				466D5F4F2C17F035007E3DD0 /* DCLocalStorageTests.swift */,
			);
			path = "Disney CharactersTests";
			sourceTree = "<group>";
		};
		46A9DDEC2BE5500A00FC66EB /* Disney CharactersUITests */ = {
			isa = PBXGroup;
			children = (
				46A9DDED2BE5500A00FC66EB /* Disney_CharactersUITests.swift */,
				46A9DDEF2BE5500A00FC66EB /* Disney_CharactersUITestsLaunchTests.swift */,
			);
			path = "Disney CharactersUITests";
			sourceTree = "<group>";
		};
		46A9DDFC2BE551FC00FC66EB /* Dashboard */ = {
			isa = PBXGroup;
			children = (
				4664DCEB2BE60DB7006EA71B /* Model */,
				4664DCE62BE5FA90006EA71B /* ViewModel */,
				46A9DDFD2BE5520000FC66EB /* View */,
			);
			path = Dashboard;
			sourceTree = "<group>";
		};
		46A9DDFD2BE5520000FC66EB /* View */ = {
			isa = PBXGroup;
			children = (
				46B5ECB42C1877E6004D73F9 /* DetailsView */,
				465ADCA12BEF806700D621EA /* ImageView */,
				469D18E62BEE01EB002A98D2 /* CharacterView */,
				46A9DDFE2BE5520B00FC66EB /* DCDashboardView.swift */,
			);
			path = View;
			sourceTree = "<group>";
		};
		46B5ECB42C1877E6004D73F9 /* DetailsView */ = {
			isa = PBXGroup;
			children = (
				46B5ECB52C187801004D73F9 /* DCDashboardCharacterDetailsView.swift */,
			);
			path = DetailsView;
			sourceTree = "<group>";
		};
/* End PBXGroup section */

/* Begin PBXNativeTarget section */
		46A9DDCE2BE5500900FC66EB /* Disney Characters */ = {
			isa = PBXNativeTarget;
			buildConfigurationList = 46A9DDF32BE5500A00FC66EB /* Build configuration list for PBXNativeTarget "Disney Characters" */;
			buildPhases = (
				46A9DDCB2BE5500900FC66EB /* Sources */,
				46A9DDCC2BE5500900FC66EB /* Frameworks */,
				46A9DDCD2BE5500900FC66EB /* Resources */,
			);
			buildRules = (
			);
			dependencies = (
			);
			name = "Disney Characters";
			productName = "Disney Characters";
			productReference = 46A9DDCF2BE5500900FC66EB /* Disney Characters.app */;
			productType = "com.apple.product-type.application";
		};
		46A9DDDE2BE5500A00FC66EB /* Disney CharactersTests */ = {
			isa = PBXNativeTarget;
			buildConfigurationList = 46A9DDF62BE5500A00FC66EB /* Build configuration list for PBXNativeTarget "Disney CharactersTests" */;
			buildPhases = (
				46A9DDDB2BE5500A00FC66EB /* Sources */,
				46A9DDDC2BE5500A00FC66EB /* Frameworks */,
				46A9DDDD2BE5500A00FC66EB /* Resources */,
			);
			buildRules = (
			);
			dependencies = (
				46A9DDE12BE5500A00FC66EB /* PBXTargetDependency */,
			);
			name = "Disney CharactersTests";
			productName = "Disney CharactersTests";
			productReference = 46A9DDDF2BE5500A00FC66EB /* Disney CharactersTests.xctest */;
			productType = "com.apple.product-type.bundle.unit-test";
		};
		46A9DDE82BE5500A00FC66EB /* Disney CharactersUITests */ = {
			isa = PBXNativeTarget;
			buildConfigurationList = 46A9DDF92BE5500A00FC66EB /* Build configuration list for PBXNativeTarget "Disney CharactersUITests" */;
			buildPhases = (
				46A9DDE52BE5500A00FC66EB /* Sources */,
				46A9DDE62BE5500A00FC66EB /* Frameworks */,
				46A9DDE72BE5500A00FC66EB /* Resources */,
			);
			buildRules = (
			);
			dependencies = (
				46A9DDEB2BE5500A00FC66EB /* PBXTargetDependency */,
			);
			name = "Disney CharactersUITests";
			productName = "Disney CharactersUITests";
			productReference = 46A9DDE92BE5500A00FC66EB /* Disney CharactersUITests.xctest */;
			productType = "com.apple.product-type.bundle.ui-testing";
		};
/* End PBXNativeTarget section */

/* Begin PBXProject section */
		46A9DDC72BE5500900FC66EB /* Project object */ = {
			isa = PBXProject;
			attributes = {
				BuildIndependentTargetsInParallel = 1;
				CLASSPREFIX = DC;
				LastSwiftUpdateCheck = 1530;
				LastUpgradeCheck = 1600;
				ORGANIZATIONNAME = "OCloud Labs";
				TargetAttributes = {
					46A9DDCE2BE5500900FC66EB = {
						CreatedOnToolsVersion = 15.3;
					};
					46A9DDDE2BE5500A00FC66EB = {
						CreatedOnToolsVersion = 15.3;
						TestTargetID = 46A9DDCE2BE5500900FC66EB;
					};
					46A9DDE82BE5500A00FC66EB = {
						CreatedOnToolsVersion = 15.3;
						TestTargetID = 46A9DDCE2BE5500900FC66EB;
					};
				};
			};
			buildConfigurationList = 46A9DDCA2BE5500900FC66EB /* Build configuration list for PBXProject "Disney Characters" */;
			compatibilityVersion = "Xcode 14.0";
			developmentRegion = en;
			hasScannedForEncodings = 0;
			knownRegions = (
				en,
				Base,
			);
			mainGroup = 46A9DDC62BE5500900FC66EB;
			productRefGroup = 46A9DDD02BE5500900FC66EB /* Products */;
			projectDirPath = "";
			projectRoot = "";
			targets = (
				46A9DDCE2BE5500900FC66EB /* Disney Characters */,
				46A9DDDE2BE5500A00FC66EB /* Disney CharactersTests */,
				46A9DDE82BE5500A00FC66EB /* Disney CharactersUITests */,
			);
		};
/* End PBXProject section */

/* Begin PBXResourcesBuildPhase section */
		46A9DDCD2BE5500900FC66EB /* Resources */ = {
			isa = PBXResourcesBuildPhase;
			buildActionMask = 2147483647;
			files = (
				46A9DDDA2BE5500A00FC66EB /* Preview Assets.xcassets in Resources */,
				46A9DDD72BE5500A00FC66EB /* Assets.xcassets in Resources */,
			);
			runOnlyForDeploymentPostprocessing = 0;
		};
		46A9DDDD2BE5500A00FC66EB /* Resources */ = {
			isa = PBXResourcesBuildPhase;
			buildActionMask = 2147483647;
			files = (
			);
			runOnlyForDeploymentPostprocessing = 0;
		};
		46A9DDE72BE5500A00FC66EB /* Resources */ = {
			isa = PBXResourcesBuildPhase;
			buildActionMask = 2147483647;
			files = (
			);
			runOnlyForDeploymentPostprocessing = 0;
		};
/* End PBXResourcesBuildPhase section */

/* Begin PBXSourcesBuildPhase section */
		46A9DDCB2BE5500900FC66EB /* Sources */ = {
			isa = PBXSourcesBuildPhase;
			buildActionMask = 2147483647;
			files = (
				4664DD0C2BE765D1006EA71B /* DCJSONParameterEncoder.swift in Sources */,
				469D18E12BEDFDA5002A98D2 /* DCCharacterAPIDataModel.swift in Sources */,
				4664DD1B2BE765D1006EA71B /* DCNetworkLogger.swift in Sources */,
				4664DD0D2BE765D1006EA71B /* DCParameterEncoding.swift in Sources */,
				4664DD132BE765D1006EA71B /* DCNetworkError.swift in Sources */,
				46B5ECB62C187801004D73F9 /* DCDashboardCharacterDetailsView.swift in Sources */,
				4664DD122BE765D1006EA71B /* DCNetworkConstants.swift in Sources */,
				46A9DDFF2BE5520B00FC66EB /* DCDashboardView.swift in Sources */,
				4664DD1C2BE765D1006EA71B /* DCRequestExecutor.swift in Sources */,
				469D18E52BEDFF9B002A98D2 /* DCFetcherView.swift in Sources */,
				4664DD152BE765D1006EA71B /* DCResult.swift in Sources */,
				469D19282BEF7729002A98D2 /* DCUDConstants.swift in Sources */,
				4664DD0F2BE765D1006EA71B /* DCAPIFetcher.swift in Sources */,
				4664DD192BE765D1006EA71B /* DCHTTPMethod.swift in Sources */,
				4664DD142BE765D1006EA71B /* DCNetworkResponse.swift in Sources */,
				4664DCE82BE5FA99006EA71B /* DCDashboardViewModel.swift in Sources */,
				469D18EB2BEE07A2002A98D2 /* DCCharacterDisplayModel.swift in Sources */,
				469D18DD2BEDF2BE002A98D2 /* DCURLPath.swift in Sources */,
				4664DD102BE765D1006EA71B /* DCAPIMode.swift in Sources */,
				465ADCA32BEF806E00D621EA /* DCCharacterImageView.swift in Sources */,
				4664DD1D2BE765D1006EA71B /* DCRequestType.swift in Sources */,
				4664DD172BE765D1006EA71B /* DCOfflineManager.swift in Sources */,
				4664DCED2BE60DBE006EA71B /* DCCharacterModel.swift in Sources */,
				4664DD202BE765D1006EA71B /* DCRequests.swift in Sources */,
				4664DD0E2BE765D1006EA71B /* DCURLParameterEncoder.swift in Sources */,
				4664DD1E2BE765D1006EA71B /* DCRouter.swift in Sources */,
				4664DD1F2BE765D1006EA71B /* DCRequestConfiguration.swift in Sources */,
				4664DD112BE765D1006EA71B /* DCFetcher.swift in Sources */,
				469D18E82BEE01F4002A98D2 /* DCCharacterView.swift in Sources */,
				4664DD212BE765D1006EA71B /* DCURL.swift in Sources */,
				4664DD162BE765D1006EA71B /* DCNetworkManager.swift in Sources */,
				46A9DDD32BE5500900FC66EB /* Disney_CharactersApp.swift in Sources */,
				4664DD1A2BE765D1006EA71B /* DCHTTPTask.swift in Sources */,
			);
			runOnlyForDeploymentPostprocessing = 0;
		};
		46A9DDDB2BE5500A00FC66EB /* Sources */ = {
			isa = PBXSourcesBuildPhase;
			buildActionMask = 2147483647;
			files = (
				4664DCEA2BE5FAB4006EA71B /* DCDashboardTests.swift in Sources */,
				466D5F502C17F035007E3DD0 /* DCLocalStorageTests.swift in Sources */,
				4664DD232BE76807006EA71B /* DCNetworkLayerTests.swift in Sources */,
			);
			runOnlyForDeploymentPostprocessing = 0;
		};
		46A9DDE52BE5500A00FC66EB /* Sources */ = {
			isa = PBXSourcesBuildPhase;
			buildActionMask = 2147483647;
			files = (
				46A9DDF02BE5500A00FC66EB /* Disney_CharactersUITestsLaunchTests.swift in Sources */,
				46A9DDEE2BE5500A00FC66EB /* Disney_CharactersUITests.swift in Sources */,
			);
			runOnlyForDeploymentPostprocessing = 0;
		};
/* End PBXSourcesBuildPhase section */

/* Begin PBXTargetDependency section */
		46A9DDE12BE5500A00FC66EB /* PBXTargetDependency */ = {
			isa = PBXTargetDependency;
			target = 46A9DDCE2BE5500900FC66EB /* Disney Characters */;
			targetProxy = 46A9DDE02BE5500A00FC66EB /* PBXContainerItemProxy */;
		};
		46A9DDEB2BE5500A00FC66EB /* PBXTargetDependency */ = {
			isa = PBXTargetDependency;
			target = 46A9DDCE2BE5500900FC66EB /* Disney Characters */;
			targetProxy = 46A9DDEA2BE5500A00FC66EB /* PBXContainerItemProxy */;
		};
/* End PBXTargetDependency section */

/* Begin XCBuildConfiguration section */
		46A9DDF12BE5500A00FC66EB /* Debug */ = {
			isa = XCBuildConfiguration;
			buildSettings = {
				ALWAYS_SEARCH_USER_PATHS = NO;
				ASSETCATALOG_COMPILER_GENERATE_SWIFT_ASSET_SYMBOL_EXTENSIONS = YES;
				CLANG_ANALYZER_NONNULL = YES;
				CLANG_ANALYZER_NUMBER_OBJECT_CONVERSION = YES_AGGRESSIVE;
				CLANG_CXX_LANGUAGE_STANDARD = "gnu++20";
				CLANG_ENABLE_MODULES = YES;
				CLANG_ENABLE_OBJC_ARC = YES;
				CLANG_ENABLE_OBJC_WEAK = YES;
				CLANG_WARN_BLOCK_CAPTURE_AUTORELEASING = YES;
				CLANG_WARN_BOOL_CONVERSION = YES;
				CLANG_WARN_COMMA = YES;
				CLANG_WARN_CONSTANT_CONVERSION = YES;
				CLANG_WARN_DEPRECATED_OBJC_IMPLEMENTATIONS = YES;
				CLANG_WARN_DIRECT_OBJC_ISA_USAGE = YES_ERROR;
				CLANG_WARN_DOCUMENTATION_COMMENTS = YES;
				CLANG_WARN_EMPTY_BODY = YES;
				CLANG_WARN_ENUM_CONVERSION = YES;
				CLANG_WARN_INFINITE_RECURSION = YES;
				CLANG_WARN_INT_CONVERSION = YES;
				CLANG_WARN_NON_LITERAL_NULL_CONVERSION = YES;
				CLANG_WARN_OBJC_IMPLICIT_RETAIN_SELF = YES;
				CLANG_WARN_OBJC_LITERAL_CONVERSION = YES;
				CLANG_WARN_OBJC_ROOT_CLASS = YES_ERROR;
				CLANG_WARN_QUOTED_INCLUDE_IN_FRAMEWORK_HEADER = YES;
				CLANG_WARN_RANGE_LOOP_ANALYSIS = YES;
				CLANG_WARN_STRICT_PROTOTYPES = YES;
				CLANG_WARN_SUSPICIOUS_MOVE = YES;
				CLANG_WARN_UNGUARDED_AVAILABILITY = YES_AGGRESSIVE;
				CLANG_WARN_UNREACHABLE_CODE = YES;
				CLANG_WARN__DUPLICATE_METHOD_MATCH = YES;
				COPY_PHASE_STRIP = NO;
				DEBUG_INFORMATION_FORMAT = dwarf;
				ENABLE_STRICT_OBJC_MSGSEND = YES;
				ENABLE_TESTABILITY = YES;
				ENABLE_USER_SCRIPT_SANDBOXING = YES;
				GCC_C_LANGUAGE_STANDARD = gnu17;
				GCC_DYNAMIC_NO_PIC = NO;
				GCC_NO_COMMON_BLOCKS = YES;
				GCC_OPTIMIZATION_LEVEL = 0;
				GCC_PREPROCESSOR_DEFINITIONS = (
					"DEBUG=1",
					"$(inherited)",
				);
				GCC_WARN_64_TO_32_BIT_CONVERSION = YES;
				GCC_WARN_ABOUT_RETURN_TYPE = YES_ERROR;
				GCC_WARN_UNDECLARED_SELECTOR = YES;
				GCC_WARN_UNINITIALIZED_AUTOS = YES_AGGRESSIVE;
				GCC_WARN_UNUSED_FUNCTION = YES;
				GCC_WARN_UNUSED_VARIABLE = YES;
				IPHONEOS_DEPLOYMENT_TARGET = 17.4;
				LOCALIZATION_PREFERS_STRING_CATALOGS = YES;
				MTL_ENABLE_DEBUG_INFO = INCLUDE_SOURCE;
				MTL_FAST_MATH = YES;
				ONLY_ACTIVE_ARCH = YES;
				SDKROOT = iphoneos;
				SWIFT_ACTIVE_COMPILATION_CONDITIONS = "DEBUG $(inherited)";
				SWIFT_OPTIMIZATION_LEVEL = "-Onone";
			};
			name = Debug;
		};
		46A9DDF22BE5500A00FC66EB /* Release */ = {
			isa = XCBuildConfiguration;
			buildSettings = {
				ALWAYS_SEARCH_USER_PATHS = NO;
				ASSETCATALOG_COMPILER_GENERATE_SWIFT_ASSET_SYMBOL_EXTENSIONS = YES;
				CLANG_ANALYZER_NONNULL = YES;
				CLANG_ANALYZER_NUMBER_OBJECT_CONVERSION = YES_AGGRESSIVE;
				CLANG_CXX_LANGUAGE_STANDARD = "gnu++20";
				CLANG_ENABLE_MODULES = YES;
				CLANG_ENABLE_OBJC_ARC = YES;
				CLANG_ENABLE_OBJC_WEAK = YES;
				CLANG_WARN_BLOCK_CAPTURE_AUTORELEASING = YES;
				CLANG_WARN_BOOL_CONVERSION = YES;
				CLANG_WARN_COMMA = YES;
				CLANG_WARN_CONSTANT_CONVERSION = YES;
				CLANG_WARN_DEPRECATED_OBJC_IMPLEMENTATIONS = YES;
				CLANG_WARN_DIRECT_OBJC_ISA_USAGE = YES_ERROR;
				CLANG_WARN_DOCUMENTATION_COMMENTS = YES;
				CLANG_WARN_EMPTY_BODY = YES;
				CLANG_WARN_ENUM_CONVERSION = YES;
				CLANG_WARN_INFINITE_RECURSION = YES;
				CLANG_WARN_INT_CONVERSION = YES;
				CLANG_WARN_NON_LITERAL_NULL_CONVERSION = YES;
				CLANG_WARN_OBJC_IMPLICIT_RETAIN_SELF = YES;
				CLANG_WARN_OBJC_LITERAL_CONVERSION = YES;
				CLANG_WARN_OBJC_ROOT_CLASS = YES_ERROR;
				CLANG_WARN_QUOTED_INCLUDE_IN_FRAMEWORK_HEADER = YES;
				CLANG_WARN_RANGE_LOOP_ANALYSIS = YES;
				CLANG_WARN_STRICT_PROTOTYPES = YES;
				CLANG_WARN_SUSPICIOUS_MOVE = YES;
				CLANG_WARN_UNGUARDED_AVAILABILITY = YES_AGGRESSIVE;
				CLANG_WARN_UNREACHABLE_CODE = YES;
				CLANG_WARN__DUPLICATE_METHOD_MATCH = YES;
				COPY_PHASE_STRIP = NO;
				DEBUG_INFORMATION_FORMAT = "dwarf-with-dsym";
				ENABLE_NS_ASSERTIONS = NO;
				ENABLE_STRICT_OBJC_MSGSEND = YES;
				ENABLE_USER_SCRIPT_SANDBOXING = YES;
				GCC_C_LANGUAGE_STANDARD = gnu17;
				GCC_NO_COMMON_BLOCKS = YES;
				GCC_WARN_64_TO_32_BIT_CONVERSION = YES;
				GCC_WARN_ABOUT_RETURN_TYPE = YES_ERROR;
				GCC_WARN_UNDECLARED_SELECTOR = YES;
				GCC_WARN_UNINITIALIZED_AUTOS = YES_AGGRESSIVE;
				GCC_WARN_UNUSED_FUNCTION = YES;
				GCC_WARN_UNUSED_VARIABLE = YES;
				IPHONEOS_DEPLOYMENT_TARGET = 17.4;
				LOCALIZATION_PREFERS_STRING_CATALOGS = YES;
				MTL_ENABLE_DEBUG_INFO = NO;
				MTL_FAST_MATH = YES;
				SDKROOT = iphoneos;
				SWIFT_COMPILATION_MODE = wholemodule;
				VALIDATE_PRODUCT = YES;
			};
			name = Release;
		};
		46A9DDF42BE5500A00FC66EB /* Debug */ = {
			isa = XCBuildConfiguration;
			buildSettings = {
				ASSETCATALOG_COMPILER_APPICON_NAME = AppIcon;
				ASSETCATALOG_COMPILER_GLOBAL_ACCENT_COLOR_NAME = AccentColor;
				BASE_URL = api.disneyapi.dev;
				CODE_SIGN_STYLE = Automatic;
				CURRENT_PROJECT_VERSION = 1;
				DEVELOPMENT_ASSET_PATHS = "\"Disney Characters/Preview Content\"";
				DEVELOPMENT_TEAM = 4UZK2DCNHA;
				ENABLE_PREVIEWS = YES;
				GENERATE_INFOPLIST_FILE = YES;
				INFOPLIST_FILE = "Disney-Characters-Info.plist";
				INFOPLIST_KEY_UIApplicationSceneManifest_Generation = YES;
				INFOPLIST_KEY_UIApplicationSupportsIndirectInputEvents = YES;
				INFOPLIST_KEY_UILaunchScreen_Generation = YES;
				INFOPLIST_KEY_UISupportedInterfaceOrientations_iPad = "UIInterfaceOrientationPortrait UIInterfaceOrientationPortraitUpsideDown UIInterfaceOrientationLandscapeLeft UIInterfaceOrientationLandscapeRight";
				INFOPLIST_KEY_UISupportedInterfaceOrientations_iPhone = "UIInterfaceOrientationPortrait UIInterfaceOrientationLandscapeLeft UIInterfaceOrientationLandscapeRight";
				IPHONEOS_DEPLOYMENT_TARGET = 18.0;
				LD_RUNPATH_SEARCH_PATHS = (
					"$(inherited)",
					"@executable_path/Frameworks",
				);
				MARKETING_VERSION = 1.0;
				PRODUCT_BUNDLE_IDENTIFIER = "OCloudLabs.Disney-Characters";
				PRODUCT_NAME = "$(TARGET_NAME)";
				SWIFT_EMIT_LOC_STRINGS = YES;
				SWIFT_VERSION = 6.0;
				TARGETED_DEVICE_FAMILY = "1,2";
			};
			name = Debug;
		};
		46A9DDF52BE5500A00FC66EB /* Release */ = {
			isa = XCBuildConfiguration;
			buildSettings = {
				ASSETCATALOG_COMPILER_APPICON_NAME = AppIcon;
				ASSETCATALOG_COMPILER_GLOBAL_ACCENT_COLOR_NAME = AccentColor;
				BASE_URL = api.disneyapi.dev;
				CODE_SIGN_STYLE = Automatic;
				CURRENT_PROJECT_VERSION = 1;
				DEVELOPMENT_ASSET_PATHS = "\"Disney Characters/Preview Content\"";
				DEVELOPMENT_TEAM = 4UZK2DCNHA;
				ENABLE_PREVIEWS = YES;
				GENERATE_INFOPLIST_FILE = YES;
				INFOPLIST_FILE = "Disney-Characters-Info.plist";
				INFOPLIST_KEY_UIApplicationSceneManifest_Generation = YES;
				INFOPLIST_KEY_UIApplicationSupportsIndirectInputEvents = YES;
				INFOPLIST_KEY_UILaunchScreen_Generation = YES;
				INFOPLIST_KEY_UISupportedInterfaceOrientations_iPad = "UIInterfaceOrientationPortrait UIInterfaceOrientationPortraitUpsideDown UIInterfaceOrientationLandscapeLeft UIInterfaceOrientationLandscapeRight";
				INFOPLIST_KEY_UISupportedInterfaceOrientations_iPhone = "UIInterfaceOrientationPortrait UIInterfaceOrientationLandscapeLeft UIInterfaceOrientationLandscapeRight";
				IPHONEOS_DEPLOYMENT_TARGET = 18.0;
				LD_RUNPATH_SEARCH_PATHS = (
					"$(inherited)",
					"@executable_path/Frameworks",
				);
				MARKETING_VERSION = 1.0;
				PRODUCT_BUNDLE_IDENTIFIER = "OCloudLabs.Disney-Characters";
				PRODUCT_NAME = "$(TARGET_NAME)";
				SWIFT_EMIT_LOC_STRINGS = YES;
				SWIFT_VERSION = 6.0;
				TARGETED_DEVICE_FAMILY = "1,2";
			};
			name = Release;
		};
		46A9DDF72BE5500A00FC66EB /* Debug */ = {
			isa = XCBuildConfiguration;
			buildSettings = {
				BUNDLE_LOADER = "$(TEST_HOST)";
				CODE_SIGN_STYLE = Automatic;
				CURRENT_PROJECT_VERSION = 1;
				DEVELOPMENT_TEAM = 4UZK2DCNHA;
				GENERATE_INFOPLIST_FILE = YES;
				IPHONEOS_DEPLOYMENT_TARGET = 17.4;
				MARKETING_VERSION = 1.0;
				PRODUCT_BUNDLE_IDENTIFIER = "OCloudLabs.Disney-CharactersTests";
				PRODUCT_NAME = "$(TARGET_NAME)";
				SWIFT_EMIT_LOC_STRINGS = NO;
				SWIFT_VERSION = 5.0;
				TARGETED_DEVICE_FAMILY = "1,2";
				TEST_HOST = "$(BUILT_PRODUCTS_DIR)/Disney Characters.app/$(BUNDLE_EXECUTABLE_FOLDER_PATH)/Disney Characters";
			};
			name = Debug;
		};
		46A9DDF82BE5500A00FC66EB /* Release */ = {
			isa = XCBuildConfiguration;
			buildSettings = {
				BUNDLE_LOADER = "$(TEST_HOST)";
				CODE_SIGN_STYLE = Automatic;
				CURRENT_PROJECT_VERSION = 1;
				DEVELOPMENT_TEAM = 4UZK2DCNHA;
				GENERATE_INFOPLIST_FILE = YES;
				IPHONEOS_DEPLOYMENT_TARGET = 17.4;
				MARKETING_VERSION = 1.0;
				PRODUCT_BUNDLE_IDENTIFIER = "OCloudLabs.Disney-CharactersTests";
				PRODUCT_NAME = "$(TARGET_NAME)";
				SWIFT_EMIT_LOC_STRINGS = NO;
				SWIFT_VERSION = 5.0;
				TARGETED_DEVICE_FAMILY = "1,2";
				TEST_HOST = "$(BUILT_PRODUCTS_DIR)/Disney Characters.app/$(BUNDLE_EXECUTABLE_FOLDER_PATH)/Disney Characters";
			};
			name = Release;
		};
		46A9DDFA2BE5500A00FC66EB /* Debug */ = {
			isa = XCBuildConfiguration;
			buildSettings = {
				CODE_SIGN_STYLE = Automatic;
				CURRENT_PROJECT_VERSION = 1;
				DEVELOPMENT_TEAM = 4UZK2DCNHA;
				GENERATE_INFOPLIST_FILE = YES;
				MARKETING_VERSION = 1.0;
				PRODUCT_BUNDLE_IDENTIFIER = "OCloudLabs.Disney-CharactersUITests";
				PRODUCT_NAME = "$(TARGET_NAME)";
				SWIFT_EMIT_LOC_STRINGS = NO;
				SWIFT_VERSION = 5.0;
				TARGETED_DEVICE_FAMILY = "1,2";
				TEST_TARGET_NAME = "Disney Characters";
			};
			name = Debug;
		};
		46A9DDFB2BE5500A00FC66EB /* Release */ = {
			isa = XCBuildConfiguration;
			buildSettings = {
				CODE_SIGN_STYLE = Automatic;
				CURRENT_PROJECT_VERSION = 1;
				DEVELOPMENT_TEAM = 4UZK2DCNHA;
				GENERATE_INFOPLIST_FILE = YES;
				MARKETING_VERSION = 1.0;
				PRODUCT_BUNDLE_IDENTIFIER = "OCloudLabs.Disney-CharactersUITests";
				PRODUCT_NAME = "$(TARGET_NAME)";
				SWIFT_EMIT_LOC_STRINGS = NO;
				SWIFT_VERSION = 5.0;
				TARGETED_DEVICE_FAMILY = "1,2";
				TEST_TARGET_NAME = "Disney Characters";
			};
			name = Release;
		};
/* End XCBuildConfiguration section */

/* Begin XCConfigurationList section */
		46A9DDCA2BE5500900FC66EB /* Build configuration list for PBXProject "Disney Characters" */ = {
			isa = XCConfigurationList;
			buildConfigurations = (
				46A9DDF12BE5500A00FC66EB /* Debug */,
				46A9DDF22BE5500A00FC66EB /* Release */,
			);
			defaultConfigurationIsVisible = 0;
			defaultConfigurationName = Release;
		};
		46A9DDF32BE5500A00FC66EB /* Build configuration list for PBXNativeTarget "Disney Characters" */ = {
			isa = XCConfigurationList;
			buildConfigurations = (
				46A9DDF42BE5500A00FC66EB /* Debug */,
				46A9DDF52BE5500A00FC66EB /* Release */,
			);
			defaultConfigurationIsVisible = 0;
			defaultConfigurationName = Release;
		};
		46A9DDF62BE5500A00FC66EB /* Build configuration list for PBXNativeTarget "Disney CharactersTests" */ = {
			isa = XCConfigurationList;
			buildConfigurations = (
				46A9DDF72BE5500A00FC66EB /* Debug */,
				46A9DDF82BE5500A00FC66EB /* Release */,
			);
			defaultConfigurationIsVisible = 0;
			defaultConfigurationName = Release;
		};
		46A9DDF92BE5500A00FC66EB /* Build configuration list for PBXNativeTarget "Disney CharactersUITests" */ = {
			isa = XCConfigurationList;
			buildConfigurations = (
				46A9DDFA2BE5500A00FC66EB /* Debug */,
				46A9DDFB2BE5500A00FC66EB /* Release */,
			);
			defaultConfigurationIsVisible = 0;
			defaultConfigurationName = Release;
		};
/* End XCConfigurationList section */
	};
	rootObject = 46A9DDC72BE5500900FC66EB /* Project object */;
}
